
Microsoft Visual Studio Solution File, Format Version 12.00
# Visual Studio Version 17
VisualStudioVersion = 17.0.31903.59
MinimumVisualStudioVersion = 10.0.40219.1
Project("{2150E333-8FDC-42A3-9474-1A3956D46DE8}") = "src", "src", "{DACB298D-6A74-4A27-8609-82C63F8BE009}"
EndProject
Project("{FAE04EC0-301F-11D3-BF4B-00C04F79EFBC}") = "CourtFinder.Api", "src\CourtFinder.Api\CourtFinder.Api.csproj", "{28EC5FEC-F618-4132-BF9C-8970F8302D0A}"
EndProject
Global
	GlobalSection(SolutionConfigurationPlatforms) = preSolution
		Debug|Any CPU = Debug|Any CPU
		Release|Any CPU = Release|Any CPU
	EndGlobalSection
	GlobalSection(SolutionProperties) = preSolution
		HideSolutionNode = FALSE
	EndGlobalSection
	GlobalSection(ProjectConfigurationPlatforms) = postSolution
		{28EC5FEC-F618-4132-BF9C-8970F8302D0A}.Debug|Any CPU.ActiveCfg = Debug|Any CPU
		{28EC5FEC-F618-4132-BF9C-8970F8302D0A}.Debug|Any CPU.Build.0 = Debug|Any CPU
		{28EC5FEC-F618-4132-BF9C-8970F8302D0A}.Release|Any CPU.ActiveCfg = Release|Any CPU
		{28EC5FEC-F618-4132-BF9C-8970F8302D0A}.Release|Any CPU.Build.0 = Release|Any CPU
	EndGlobalSection
	GlobalSection(NestedProjects) = preSolution
		{28EC5FEC-F618-4132-BF9C-8970F8302D0A} = {DACB298D-6A74-4A27-8609-82C63F8BE009}
	EndGlobalSection
EndGlobal
